// !$*UTF8*$!
{
	archiveVersion = 1;
	classes = {
	};
	objectVersion = 48;
	objects = {

/* Begin PBXBuildFile section */
		638FE9381F36566F00CAD75D /* AppDelegate.swift in Sources */ = {isa = PBXBuildFile; fileRef = 638FE9371F36566F00CAD75D /* AppDelegate.swift */; };
		638FE93A1F36566F00CAD75D /* ViewController.swift in Sources */ = {isa = PBXBuildFile; fileRef = 638FE9391F36566F00CAD75D /* ViewController.swift */; };
		638FE93D1F36566F00CAD75D /* Main.storyboard in Resources */ = {isa = PBXBuildFile; fileRef = 638FE93B1F36566F00CAD75D /* Main.storyboard */; };
		638FE93F1F36566F00CAD75D /* Assets.xcassets in Resources */ = {isa = PBXBuildFile; fileRef = 638FE93E1F36566F00CAD75D /* Assets.xcassets */; };
		638FE9421F36566F00CAD75D /* LaunchScreen.storyboard in Resources */ = {isa = PBXBuildFile; fileRef = 638FE9401F36566F00CAD75D /* LaunchScreen.storyboard */; };
		638FE94C1F36581100CAD75D /* Extensions.swift in Sources */ = {isa = PBXBuildFile; fileRef = 638FE94B1F36581100CAD75D /* Extensions.swift */; };
		638FE94D1F36582700CAD75D /* Inceptionv3.mlmodel in Sources */ = {isa = PBXBuildFile; fileRef = 638FE94A1F3656A700CAD75D /* Inceptionv3.mlmodel */; };
/* End PBXBuildFile section */

/* Begin PBXFileReference section */
		638FE9341F36566F00CAD75D /* RecognizeIt.app */ = {isa = PBXFileReference; explicitFileType = wrapper.application; includeInIndex = 0; path = RecognizeIt.app; sourceTree = BUILT_PRODUCTS_DIR; };
		638FE9371F36566F00CAD75D /* AppDelegate.swift */ = {isa = PBXFileReference; lastKnownFileType = sourcecode.swift; path = AppDelegate.swift; sourceTree = "<group>"; };
		638FE9391F36566F00CAD75D /* ViewController.swift */ = {isa = PBXFileReference; lastKnownFileType = sourcecode.swift; path = ViewController.swift; sourceTree = "<group>"; };
		638FE93C1F36566F00CAD75D /* Base */ = {isa = PBXFileReference; lastKnownFileType = file.storyboard; name = Base; path = Base.lproj/Main.storyboard; sourceTree = "<group>"; };
		638FE93E1F36566F00CAD75D /* Assets.xcassets */ = {isa = PBXFileReference; lastKnownFileType = folder.assetcatalog; path = Assets.xcassets; sourceTree = "<group>"; };
		638FE9411F36566F00CAD75D /* Base */ = {isa = PBXFileReference; lastKnownFileType = file.storyboard; name = Base; path = Base.lproj/LaunchScreen.storyboard; sourceTree = "<group>"; };
		638FE9431F36566F00CAD75D /* Info.plist */ = {isa = PBXFileReference; lastKnownFileType = text.plist.xml; path = Info.plist; sourceTree = "<group>"; };
		638FE94A1F3656A700CAD75D /* Inceptionv3.mlmodel */ = {isa = PBXFileReference; lastKnownFileType = file.mlmodel; path = Inceptionv3.mlmodel; sourceTree = "<group>"; };
		638FE94B1F36581100CAD75D /* Extensions.swift */ = {isa = PBXFileReference; lastKnownFileType = sourcecode.swift; path = Extensions.swift; sourceTree = "<group>"; };
/* End PBXFileReference section */

/* Begin PBXFrameworksBuildPhase section */
		638FE9311F36566F00CAD75D /* Frameworks */ = {
			isa = PBXFrameworksBuildPhase;
			buildActionMask = 2147483647;
			files = (
			);
			runOnlyForDeploymentPostprocessing = 0;
		};
/* End PBXFrameworksBuildPhase section */

/* Begin PBXGroup section */
		638FE92B1F36566F00CAD75D = {
			isa = PBXGroup;
			children = (
				638FE9361F36566F00CAD75D /* RecognizeIt */,
				638FE9351F36566F00CAD75D /* Products */,
			);
			sourceTree = "<group>";
		};
		638FE9351F36566F00CAD75D /* Products */ = {
			isa = PBXGroup;
			children = (
				638FE9341F36566F00CAD75D /* RecognizeIt.app */,
			);
			name = Products;
			sourceTree = "<group>";
		};
		638FE9361F36566F00CAD75D /* RecognizeIt */ = {
			isa = PBXGroup;
			children = (
				638FE94B1F36581100CAD75D /* Extensions.swift */,
				638FE9491F36567500CAD75D /* CoreMLObject */,
				638FE9371F36566F00CAD75D /* AppDelegate.swift */,
				638FE9391F36566F00CAD75D /* ViewController.swift */,
				638FE93B1F36566F00CAD75D /* Main.storyboard */,
				638FE93E1F36566F00CAD75D /* Assets.xcassets */,
				638FE9401F36566F00CAD75D /* LaunchScreen.storyboard */,
				638FE9431F36566F00CAD75D /* Info.plist */,
			);
			path = RecognizeIt;
			sourceTree = "<group>";
		};
		638FE9491F36567500CAD75D /* CoreMLObject */ = {
			isa = PBXGroup;
			children = (
				638FE94A1F3656A700CAD75D /* Inceptionv3.mlmodel */,
			);
			path = CoreMLObject;
			sourceTree = "<group>";
		};
/* End PBXGroup section */

/* Begin PBXNativeTarget section */
		638FE9331F36566F00CAD75D /* RecognizeIt */ = {
			isa = PBXNativeTarget;
			buildConfigurationList = 638FE9461F36566F00CAD75D /* Build configuration list for PBXNativeTarget "RecognizeIt" */;
			buildPhases = (
				638FE9301F36566F00CAD75D /* Sources */,
				638FE9311F36566F00CAD75D /* Frameworks */,
				638FE9321F36566F00CAD75D /* Resources */,
			);
			buildRules = (
			);
			dependencies = (
			);
			name = RecognizeIt;
			productName = RecognizeIt;
			productReference = 638FE9341F36566F00CAD75D /* RecognizeIt.app */;
			productType = "com.apple.product-type.application";
		};
/* End PBXNativeTarget section */

/* Begin PBXProject section */
		638FE92C1F36566F00CAD75D /* Project object */ = {
			isa = PBXProject;
			attributes = {
				LastSwiftUpdateCheck = 0900;
				LastUpgradeCheck = 0900;
				ORGANIZATIONNAME = "Sviatoslav Fil";
				TargetAttributes = {
					638FE9331F36566F00CAD75D = {
						CreatedOnToolsVersion = 9.0;
					};
				};
			};
			buildConfigurationList = 638FE92F1F36566F00CAD75D /* Build configuration list for PBXProject "RecognizeIt" */;
			compatibilityVersion = "Xcode 8.0";
			developmentRegion = en;
			hasScannedForEncodings = 0;
			knownRegions = (
				en,
				Base,
			);
			mainGroup = 638FE92B1F36566F00CAD75D;
			productRefGroup = 638FE9351F36566F00CAD75D /* Products */;
			projectDirPath = "";
			projectRoot = "";
			targets = (
				638FE9331F36566F00CAD75D /* RecognizeIt */,
			);
		};
/* End PBXProject section */

/* Begin PBXResourcesBuildPhase section */
		638FE9321F36566F00CAD75D /* Resources */ = {
			isa = PBXResourcesBuildPhase;
			buildActionMask = 2147483647;
			files = (
				638FE9421F36566F00CAD75D /* LaunchScreen.storyboard in Resources */,
				638FE93F1F36566F00CAD75D /* Assets.xcassets in Resources */,
				638FE93D1F36566F00CAD75D /* Main.storyboard in Resources */,
			);
			runOnlyForDeploymentPostprocessing = 0;
		};
/* End PBXResourcesBuildPhase section */

/* Begin PBXSourcesBuildPhase section */
		638FE9301F36566F00CAD75D /* Sources */ = {
			isa = PBXSourcesBuildPhase;
			buildActionMask = 2147483647;
			files = (
				638FE93A1F36566F00CAD75D /* ViewController.swift in Sources */,
				638FE94D1F36582700CAD75D /* Inceptionv3.mlmodel in Sources */,
				638FE94C1F36581100CAD75D /* Extensions.swift in Sources */,
				638FE9381F36566F00CAD75D /* AppDelegate.swift in Sources */,
			);
			runOnlyForDeploymentPostprocessing = 0;
		};
/* End PBXSourcesBuildPhase section */

/* Begin PBXVariantGroup section */
		638FE93B1F36566F00CAD75D /* Main.storyboard */ = {
			isa = PBXVariantGroup;
			children = (
				638FE93C1F36566F00CAD75D /* Base */,
			);
			name = Main.storyboard;
			sourceTree = "<group>";
		};
		638FE9401F36566F00CAD75D /* LaunchScreen.storyboard */ = {
			isa = PBXVariantGroup;
			children = (
				638FE9411F36566F00CAD75D /* Base */,
			);
			name = LaunchScreen.storyboard;
			sourceTree = "<group>";
		};
/* End PBXVariantGroup section */

/* Begin XCBuildConfiguration section */
		638FE9441F36566F00CAD75D /* Debug */ = {
			isa = XCBuildConfiguration;
			buildSettings = {
				ALWAYS_SEARCH_USER_PATHS = NO;
				CLANG_ANALYZER_NONNULL = YES;
				CLANG_ANALYZER_NUMBER_OBJECT_CONVERSION = YES_AGGRESSIVE;
				CLANG_CXX_LANGUAGE_STANDARD = "gnu++14";
				CLANG_CXX_LIBRARY = "libc++";
				CLANG_ENABLE_MODULES = YES;
				CLANG_ENABLE_OBJC_ARC = YES;
				CLANG_WARN_BLOCK_CAPTURE_AUTORELEASING = YES;
				CLANG_WARN_BOOL_CONVERSION = YES;
				CLANG_WARN_COMMA = YES;
				CLANG_WARN_CONSTANT_CONVERSION = YES;
				CLANG_WARN_DIRECT_OBJC_ISA_USAGE = YES_ERROR;
				CLANG_WARN_DOCUMENTATION_COMMENTS = YES;
				CLANG_WARN_EMPTY_BODY = YES;
				CLANG_WARN_ENUM_CONVERSION = YES;
				CLANG_WARN_INFINITE_RECURSION = YES;
				CLANG_WARN_INT_CONVERSION = YES;
				CLANG_WARN_NON_LITERAL_NULL_CONVERSION = YES;
				CLANG_WARN_OBJC_LITERAL_CONVERSION = YES;
				CLANG_WARN_OBJC_ROOT_CLASS = YES_ERROR;
				CLANG_WARN_RANGE_LOOP_ANALYSIS = YES;
				CLANG_WARN_STRICT_PROTOTYPES = YES;
				CLANG_WARN_SUSPICIOUS_MOVE = YES;
				CLANG_WARN_UNGUARDED_AVAILABILITY = YES_AGGRESSIVE;
				CLANG_WARN_UNREACHABLE_CODE = YES;
				CLANG_WARN__DUPLICATE_METHOD_MATCH = YES;
				CODE_SIGN_IDENTITY = "iPhone Developer";
				COPY_PHASE_STRIP = NO;
				DEBUG_INFORMATION_FORMAT = dwarf;
				ENABLE_STRICT_OBJC_MSGSEND = YES;
				ENABLE_TESTABILITY = YES;
				GCC_C_LANGUAGE_STANDARD = gnu11;
				GCC_DYNAMIC_NO_PIC = NO;
				GCC_NO_COMMON_BLOCKS = YES;
				GCC_OPTIMIZATION_LEVEL = 0;
				GCC_PREPROCESSOR_DEFINITIONS = (
					"DEBUG=1",
					"$(inherited)",
				);
				GCC_WARN_64_TO_32_BIT_CONVERSION = YES;
				GCC_WARN_ABOUT_RETURN_TYPE = YES_ERROR;
				GCC_WARN_UNDECLARED_SELECTOR = YES;
				GCC_WARN_UNINITIALIZED_AUTOS = YES_AGGRESSIVE;
				GCC_WARN_UNUSED_FUNCTION = YES;
				GCC_WARN_UNUSED_VARIABLE = YES;
				IPHONEOS_DEPLOYMENT_TARGET = 11.0;
				MTL_ENABLE_DEBUG_INFO = YES;
				ONLY_ACTIVE_ARCH = YES;
				SDKROOT = iphoneos;
				SWIFT_ACTIVE_COMPILATION_CONDITIONS = DEBUG;
				SWIFT_OPTIMIZATION_LEVEL = "-Onone";
			};
			name = Debug;
		};
		638FE9451F36566F00CAD75D /* Release */ = {
			isa = XCBuildConfiguration;
			buildSettings = {
				ALWAYS_SEARCH_USER_PATHS = NO;
				CLANG_ANALYZER_NONNULL = YES;
				CLANG_ANALYZER_NUMBER_OBJECT_CONVERSION = YES_AGGRESSIVE;
				CLANG_CXX_LANGUAGE_STANDARD = "gnu++14";
				CLANG_CXX_LIBRARY = "libc++";
				CLANG_ENABLE_MODULES = YES;
				CLANG_ENABLE_OBJC_ARC = YES;
				CLANG_WARN_BLOCK_CAPTURE_AUTORELEASING = YES;
				CLANG_WARN_BOOL_CONVERSION = YES;
				CLANG_WARN_COMMA = YES;
				CLANG_WARN_CONSTANT_CONVERSION = YES;
				CLANG_WARN_DIRECT_OBJC_ISA_USAGE = YES_ERROR;
				CLANG_WARN_DOCUMENTATION_COMMENTS = YES;
				CLANG_WARN_EMPTY_BODY = YES;
				CLANG_WARN_ENUM_CONVERSION = YES;
				CLANG_WARN_INFINITE_RECURSION = YES;
				CLANG_WARN_INT_CONVERSION = YES;
				CLANG_WARN_NON_LITERAL_NULL_CONVERSION = YES;
				CLANG_WARN_OBJC_LITERAL_CONVERSION = YES;
				CLANG_WARN_OBJC_ROOT_CLASS = YES_ERROR;
				CLANG_WARN_RANGE_LOOP_ANALYSIS = YES;
				CLANG_WARN_STRICT_PROTOTYPES = YES;
				CLANG_WARN_SUSPICIOUS_MOVE = YES;
				CLANG_WARN_UNGUARDED_AVAILABILITY = YES_AGGRESSIVE;
				CLANG_WARN_UNREACHABLE_CODE = YES;
				CLANG_WARN__DUPLICATE_METHOD_MATCH = YES;
				CODE_SIGN_IDENTITY = "iPhone Developer";
				COPY_PHASE_STRIP = NO;
				DEBUG_INFORMATION_FORMAT = "dwarf-with-dsym";
				ENABLE_NS_ASSERTIONS = NO;
				ENABLE_STRICT_OBJC_MSGSEND = YES;
				GCC_C_LANGUAGE_STANDARD = gnu11;
				GCC_NO_COMMON_BLOCKS = YES;
				GCC_WARN_64_TO_32_BIT_CONVERSION = YES;
				GCC_WARN_ABOUT_RETURN_TYPE = YES_ERROR;
				GCC_WARN_UNDECLARED_SELECTOR = YES;
				GCC_WARN_UNINITIALIZED_AUTOS = YES_AGGRESSIVE;
				GCC_WARN_UNUSED_FUNCTION = YES;
				GCC_WARN_UNUSED_VARIABLE = YES;
				IPHONEOS_DEPLOYMENT_TARGET = 11.0;
				MTL_ENABLE_DEBUG_INFO = NO;
				SDKROOT = iphoneos;
				SWIFT_OPTIMIZATION_LEVEL = "-Owholemodule";
				VALIDATE_PRODUCT = YES;
			};
			name = Release;
		};
		638FE9471F36566F00CAD75D /* Debug */ = {
			isa = XCBuildConfiguration;
			buildSettings = {
				ASSETCATALOG_COMPILER_APPICON_NAME = AppIcon;
				DEVELOPMENT_TEAM = L7T5538V86;
				INFOPLIST_FILE = RecognizeIt/Info.plist;
				LD_RUNPATH_SEARCH_PATHS = "$(inherited) @executable_path/Frameworks";
				PRODUCT_BUNDLE_IDENTIFIER = com.filsv.RecognizeIt;
				PRODUCT_NAME = "$(TARGET_NAME)";
				SWIFT_VERSION = 4.0;
				TARGETED_DEVICE_FAMILY = "1,2";
			};
			name = Debug;
		};
		638FE9481F36566F00CAD75D /* Release */ = {
			isa = XCBuildConfiguration;
			buildSettings = {
				ASSETCATALOG_COMPILER_APPICON_NAME = AppIcon;
				DEVELOPMENT_TEAM = L7T5538V86;
				INFOPLIST_FILE = RecognizeIt/Info.plist;
				LD_RUNPATH_SEARCH_PATHS = "$(inherited) @executable_path/Frameworks";
				PRODUCT_BUNDLE_IDENTIFIER = com.filsv.RecognizeIt;
				PRODUCT_NAME = "$(TARGET_NAME)";
				SWIFT_VERSION = 4.0;
				TARGETED_DEVICE_FAMILY = "1,2";
			};
			name = Release;
		};
/* End XCBuildConfiguration section */

/* Begin XCConfigurationList section */
		638FE92F1F36566F00CAD75D /* Build configuration list for PBXProject "RecognizeIt" */ = {
			isa = XCConfigurationList;
			buildConfigurations = (
				638FE9441F36566F00CAD75D /* Debug */,
				638FE9451F36566F00CAD75D /* Release */,
			);
			defaultConfigurationIsVisible = 0;
			defaultConfigurationName = Release;
		};
		638FE9461F36566F00CAD75D /* Build configuration list for PBXNativeTarget "RecognizeIt" */ = {
			isa = XCConfigurationList;
			buildConfigurations = (
				638FE9471F36566F00CAD75D /* Debug */,
				638FE9481F36566F00CAD75D /* Release */,
			);
			defaultConfigurationIsVisible = 0;
			defaultConfigurationName = Release;
		};
/* End XCConfigurationList section */
	};
	rootObject = 638FE92C1F36566F00CAD75D /* Project object */;
}
